
Microsoft Visual Studio Solution File, Format Version 12.00
# Visual Studio 14
VisualStudioVersion = 14.0.25420.1
MinimumVisualStudioVersion = 10.0.40219.1
Project("{FAE04EC0-301F-11D3-BF4B-00C04F79EFBC}") = "ShoppingClassLibrary", "clsproduct\ShoppingClassLibrary.csproj", "{319B3DBE-85AC-4069-AC8A-F4437798EF91}"
EndProject
Project("{FAE04EC0-301F-11D3-BF4B-00C04F79EFBC}") = "ProductTesting", "tstproduct\ProductTesting.csproj", "{3EBFBB05-80EB-43AB-9622-C76A1CDFB7E5}"
EndProject
Project("{2150E333-8FDC-42A3-9474-1A3956D46DE8}") = "product", "product", "{31330D12-C4BA-4C88-A01C-51EBFABB9F8A}"
	ProjectSection(SolutionItems) = preProject
		..\..\..\..\Product\add_product.aspx = ..\..\..\..\Product\add_product.aspx
		..\..\..\..\Product\add_product.aspx.cs = ..\..\..\..\Product\add_product.aspx.cs
		..\..\..\..\Product\Default.aspx = ..\..\..\..\Product\Default.aspx
		..\..\..\..\Product\Default.aspx.cs = ..\..\..\..\Product\Default.aspx.cs
		..\..\..\..\Product\OpenAuthProviders.ascx = ..\..\..\..\Product\OpenAuthProviders.ascx
		..\..\..\..\Product\OpenAuthProviders.ascx.cs = ..\..\..\..\Product\OpenAuthProviders.ascx.cs
		..\..\..\..\Product\reports.aspx = ..\..\..\..\Product\reports.aspx
		..\..\..\..\Product\reports.aspx.cs = ..\..\..\..\Product\reports.aspx.cs
		..\..\..\..\Product\Web.config = ..\..\..\..\Product\Web.config
	EndProjectSection
EndProject
Project("{FAE04EC0-301F-11D3-BF4B-00C04F79EFBC}") = "Customer Tests", "tstCustomer\Customer Tests.csproj", "{D78C301D-BE92-46FC-ABB0-D200A538EAA2}"
EndProject
Project("{E24C65DC-7377-472B-9ABA-BC803B73C61A}") = "IMAT2204Shopping", ".", "{C6287AE8-CB7D-42E4-8D82-EA196ABB12D8}"
	ProjectSection(WebsiteProperties) = preProject
		TargetFrameworkMoniker = ".NETFramework,Version%3Dv4.0"
		ProjectReferences = "{319b3dbe-85ac-4069-ac8a-f4437798ef91}|clsproduct.dll;{3ebfbb05-80eb-43ab-9622-c76a1cdfb7e5}|tstproduct.dll;{d78c301d-be92-46fc-abb0-d200a538eaa2}|tstCustomer.dll;"
		Debug.AspNetCompiler.VirtualPath = "/localhost_51117"
		Debug.AspNetCompiler.PhysicalPath = "..\IMAT2204Shopping\"
		Debug.AspNetCompiler.TargetPath = "PrecompiledWeb\localhost_51117\"
		Debug.AspNetCompiler.Updateable = "true"
		Debug.AspNetCompiler.ForceOverwrite = "true"
		Debug.AspNetCompiler.FixedNames = "false"
		Debug.AspNetCompiler.Debug = "True"
		Release.AspNetCompiler.VirtualPath = "/localhost_51117"
		Release.AspNetCompiler.PhysicalPath = "..\IMAT2204Shopping\"
		Release.AspNetCompiler.TargetPath = "PrecompiledWeb\localhost_51117\"
		Release.AspNetCompiler.Updateable = "true"
		Release.AspNetCompiler.ForceOverwrite = "true"
		Release.AspNetCompiler.FixedNames = "false"
		Release.AspNetCompiler.Debug = "False"
		VWDPort = "51117"
		SlnRelativePath = "..\IMAT2204Shopping\"
	EndProjectSection
EndProject
Global
	GlobalSection(SolutionConfigurationPlatforms) = preSolution
		Debug|Any CPU = Debug|Any CPU
		Release|Any CPU = Release|Any CPU
	EndGlobalSection
	GlobalSection(ProjectConfigurationPlatforms) = postSolution
		{319B3DBE-85AC-4069-AC8A-F4437798EF91}.Debug|Any CPU.ActiveCfg = Debug|Any CPU
		{319B3DBE-85AC-4069-AC8A-F4437798EF91}.Debug|Any CPU.Build.0 = Debug|Any CPU
		{319B3DBE-85AC-4069-AC8A-F4437798EF91}.Release|Any CPU.ActiveCfg = Release|Any CPU
		{319B3DBE-85AC-4069-AC8A-F4437798EF91}.Release|Any CPU.Build.0 = Release|Any CPU
		{3EBFBB05-80EB-43AB-9622-C76A1CDFB7E5}.Debug|Any CPU.ActiveCfg = Debug|Any CPU
		{3EBFBB05-80EB-43AB-9622-C76A1CDFB7E5}.Debug|Any CPU.Build.0 = Debug|Any CPU
		{3EBFBB05-80EB-43AB-9622-C76A1CDFB7E5}.Release|Any CPU.ActiveCfg = Release|Any CPU
		{3EBFBB05-80EB-43AB-9622-C76A1CDFB7E5}.Release|Any CPU.Build.0 = Release|Any CPU
		{D78C301D-BE92-46FC-ABB0-D200A538EAA2}.Debug|Any CPU.ActiveCfg = Debug|Any CPU
		{D78C301D-BE92-46FC-ABB0-D200A538EAA2}.Debug|Any CPU.Build.0 = Debug|Any CPU
		{D78C301D-BE92-46FC-ABB0-D200A538EAA2}.Release|Any CPU.ActiveCfg = Release|Any CPU
		{D78C301D-BE92-46FC-ABB0-D200A538EAA2}.Release|Any CPU.Build.0 = Release|Any CPU
		{C6287AE8-CB7D-42E4-8D82-EA196ABB12D8}.Debug|Any CPU.ActiveCfg = Debug|Any CPU
		{C6287AE8-CB7D-42E4-8D82-EA196ABB12D8}.Debug|Any CPU.Build.0 = Debug|Any CPU
		{C6287AE8-CB7D-42E4-8D82-EA196ABB12D8}.Release|Any CPU.ActiveCfg = Debug|Any CPU
		{C6287AE8-CB7D-42E4-8D82-EA196ABB12D8}.Release|Any CPU.Build.0 = Debug|Any CPU
	EndGlobalSection
	GlobalSection(SolutionProperties) = preSolution
		HideSolutionNode = FALSE
	EndGlobalSection
EndGlobal
